{
    "name": "dilara",
    "version": "0.0.2",
    "lockfileVersion": 2,
    "requires": true,
    "packages": {
        "": {
            "name": "dilara",
            "version": "0.0.2",
            "license": "ISC",
            "dependencies": {
                "@types/node": "^14.14.6",
                "typescript": "^4.0.5"
            }
        },
        "node_modules/@types/node": {
            "version": "14.14.6",
            "resolved": "https://registry.npmjs.org/@types/node/-/node-14.14.6.tgz",
            "integrity": "sha512-6QlRuqsQ/Ox/aJEQWBEJG7A9+u7oSYl3mem/K8IzxXG/kAGbV1YPD9Bg9Zw3vyxC/YP+zONKwy8hGkSt1jxFMw=="
        },
        "node_modules/typescript": {
            "version": "4.0.5",
            "resolved": "https://registry.npmjs.org/typescript/-/typescript-4.0.5.tgz",
            "integrity": "sha512-ywmr/VrTVCmNTJ6iV2LwIrfG1P+lv6luD8sUJs+2eI9NLGigaN+nUQc13iHqisq7bra9lnmUSYqbJvegraBOPQ==",
            "bin": {
                "tsc": "bin/tsc",
                "tsserver": "bin/tsserver"
            },
            "engines": {
                "node": ">=4.2.0"
            }
        }
    },
    "dependencies": {
        "@types/node": {
            "version": "14.14.6",
            "resolved": "https://registry.npmjs.org/@types/node/-/node-14.14.6.tgz",
            "integrity": "sha512-6QlRuqsQ/Ox/aJEQWBEJG7A9+u7oSYl3mem/K8IzxXG/kAGbV1YPD9Bg9Zw3vyxC/YP+zONKwy8hGkSt1jxFMw=="
        },
        "typescript": {
            "version": "4.0.5",
            "resolved": "https://registry.npmjs.org/typescript/-/typescript-4.0.5.tgz",
            "integrity": "sha512-ywmr/VrTVCmNTJ6iV2LwIrfG1P+lv6luD8sUJs+2eI9NLGigaN+nUQc13iHqisq7bra9lnmUSYqbJvegraBOPQ=="
        }
    }
}
