{
  "name": "dilara",
  "version": "0.0.1",
  "lockfileVersion": 1,
  "requires": true,
  "dependencies": {
    "@types/node": {
      "version": "14.14.6",
      "resolved": "https://registry.npmjs.org/@types/node/-/node-14.14.6.tgz",
      "integrity": "sha512-6QlRuqsQ/Ox/aJEQWBEJG7A9+u7oSYl3mem/K8IzxXG/kAGbV1YPD9Bg9Zw3vyxC/YP+zONKwy8hGkSt1jxFMw=="
    },
    "powerprompt": {
      "version": "1.1.5",
      "resolved": "https://registry.npmjs.org/powerprompt/-/powerprompt-1.1.5.tgz",
      "integrity": "sha512-WJsRtqQIIylmUYEJ4c5jDbg5m5Px/PhCinTsW+WgnhvX4fUumjh9HhplUolfr6BVyPddNHkaJ5owf/VCJ0yNzQ=="
    },
    "typescript": {
      "version": "4.0.5",
      "resolved": "https://registry.npmjs.org/typescript/-/typescript-4.0.5.tgz",
      "integrity": "sha512-ywmr/VrTVCmNTJ6iV2LwIrfG1P+lv6luD8sUJs+2eI9NLGigaN+nUQc13iHqisq7bra9lnmUSYqbJvegraBOPQ=="
    }
  }
}
